
Microsoft Visual Studio Solution File, Format Version 12.00
# Visual Studio Version 17
VisualStudioVersion = 17.12.35527.113 d17.12
MinimumVisualStudioVersion = 10.0.40219.1
Project("{FAE04EC0-301F-11D3-BF4B-00C04F79EFBC}") = "sistema_de_menu", "sistema_de_menu\sistema_de_menu.csproj", "{68E2374B-8BFF-45D6-86FA-D04345CB86A0}"
EndProject
Global
	GlobalSection(SolutionConfigurationPlatforms) = preSolution
		Debug|Any CPU = Debug|Any CPU
		Release|Any CPU = Release|Any CPU
	EndGlobalSection
	GlobalSection(ProjectConfigurationPlatforms) = postSolution
		{68E2374B-8BFF-45D6-86FA-D04345CB86A0}.Debug|Any CPU.ActiveCfg = Debug|Any CPU
		{68E2374B-8BFF-45D6-86FA-D04345CB86A0}.Debug|Any CPU.Build.0 = Debug|Any CPU
		{68E2374B-8BFF-45D6-86FA-D04345CB86A0}.Release|Any CPU.ActiveCfg = Release|Any CPU
		{68E2374B-8BFF-45D6-86FA-D04345CB86A0}.Release|Any CPU.Build.0 = Release|Any CPU
	EndGlobalSection
	GlobalSection(SolutionProperties) = preSolution
		HideSolutionNode = FALSE
	EndGlobalSection
EndGlobal
